// !$*UTF8*$!
{
	archiveVersion = 1;
	classes = {
	};
	objectVersion = 77;
	objects = {

/* Begin PBXBuildFile section */
		955578752FE9B61400C6F287 /* RouteSmoothing.swift in Sources */ = {isa = PBXBuildFile; fileRef = 955578742FE9B61400C6F287 /* RouteSmoothing.swift */; };
		955578792FE9D5F900C6F287 /* CreatePlanGroupView.swift in Sources */ = {isa = PBXBuildFile; fileRef = 955578782FE9D5F900C6F287 /* CreatePlanGroupView.swift */; };
		9555787B2FE9D60C00C6F287 /* PlanGroupDetailView.swift in Sources */ = {isa = PBXBuildFile; fileRef = 9555787A2FE9D60C00C6F287 /* PlanGroupDetailView.swift */; };
		955E70762FEB2311000C2792 /* ExerciseLibraryView.swift in Sources */ = {isa = PBXBuildFile; fileRef = 955E70752FEB2311000C2792 /* ExerciseLibraryView.swift */; };
		956D4B1A2FE737E80024B101 /* LocationTracker.swift in Sources */ = {isa = PBXBuildFile; fileRef = 956D4B192FE737E80024B101 /* LocationTracker.swift */; };
		956D4B1E2FE73FFF0024B101 /* Formatters.swift in Sources */ = {isa = PBXBuildFile; fileRef = 956D4B1D2FE73FFF0024B101 /* Formatters.swift */; };
		956D4B202FE740190024B101 /* CreateRouteView.swift in Sources */ = {isa = PBXBuildFile; fileRef = 956D4B1F2FE740190024B101 /* CreateRouteView.swift */; };
		956D4B242FE7404B0024B101 /* SessionRecordingView.swift in Sources */ = {isa = PBXBuildFile; fileRef = 956D4B232FE7404B0024B101 /* SessionRecordingView.swift */; };
		956D4B262FE7405C0024B101 /* SessionDetailView.swift in Sources */ = {isa = PBXBuildFile; fileRef = 956D4B252FE7405C0024B101 /* SessionDetailView.swift */; };
		956D4B282FE76ECA0024B101 /* RoutePeekSheet.swift in Sources */ = {isa = PBXBuildFile; fileRef = 956D4B272FE76ECA0024B101 /* RoutePeekSheet.swift */; };
		956D4B2A2FE76EDC0024B101 /* EditRouteView.swift in Sources */ = {isa = PBXBuildFile; fileRef = 956D4B292FE76EDC0024B101 /* EditRouteView.swift */; };
		956D4B2E2FE776790024B101 /* SurgeSessionDetailView.swift in Sources */ = {isa = PBXBuildFile; fileRef = 956D4B2D2FE776790024B101 /* SurgeSessionDetailView.swift */; };
		956D4B302FE77E4F0024B101 /* PlansHomeView.swift in Sources */ = {isa = PBXBuildFile; fileRef = 956D4B2F2FE77E4F0024B101 /* PlansHomeView.swift */; };
		956D4B322FE77E600024B101 /* CreatePlanView.swift in Sources */ = {isa = PBXBuildFile; fileRef = 956D4B312FE77E600024B101 /* CreatePlanView.swift */; };
		956D4B342FE77E6D0024B101 /* PlanDetailView.swift in Sources */ = {isa = PBXBuildFile; fileRef = 956D4B332FE77E6D0024B101 /* PlanDetailView.swift */; };
		956D4B362FE77E7B0024B101 /* SettingsHomeView.swift in Sources */ = {isa = PBXBuildFile; fileRef = 956D4B352FE77E7B0024B101 /* SettingsHomeView.swift */; };
		956D4B3A2FE78A010024B101 /* SegmentDirection.swift in Sources */ = {isa = PBXBuildFile; fileRef = 956D4B392FE78A010024B101 /* SegmentDirection.swift */; };
		95DDDB602FE87FAA00BE2163 /* ExerciseRecordingView.swift in Sources */ = {isa = PBXBuildFile; fileRef = 95DDDB5F2FE87FAA00BE2163 /* ExerciseRecordingView.swift */; };
/* End PBXBuildFile section */

/* Begin PBXContainerItemProxy section */
		956D4AFD2FE736240024B101 /* PBXContainerItemProxy */ = {
			isa = PBXContainerItemProxy;
			containerPortal = 956D4AE52FE736230024B101 /* Project object */;
			proxyType = 1;
			remoteGlobalIDString = 956D4AEC2FE736230024B101;
			remoteInfo = surge15;
		};
		956D4B072FE736240024B101 /* PBXContainerItemProxy */ = {
			isa = PBXContainerItemProxy;
			containerPortal = 956D4AE52FE736230024B101 /* Project object */;
			proxyType = 1;
			remoteGlobalIDString = 956D4AEC2FE736230024B101;
			remoteInfo = surge15;
		};
/* End PBXContainerItemProxy section */

/* Begin PBXFileReference section */
		955578742FE9B61400C6F287 /* RouteSmoothing.swift */ = {isa = PBXFileReference; lastKnownFileType = sourcecode.swift; path = RouteSmoothing.swift; sourceTree = "<group>"; };
		955578782FE9D5F900C6F287 /* CreatePlanGroupView.swift */ = {isa = PBXFileReference; lastKnownFileType = sourcecode.swift; path = CreatePlanGroupView.swift; sourceTree = "<group>"; };
		9555787A2FE9D60C00C6F287 /* PlanGroupDetailView.swift */ = {isa = PBXFileReference; lastKnownFileType = sourcecode.swift; path = PlanGroupDetailView.swift; sourceTree = "<group>"; };
		955E70752FEB2311000C2792 /* ExerciseLibraryView.swift */ = {isa = PBXFileReference; lastKnownFileType = sourcecode.swift; path = ExerciseLibraryView.swift; sourceTree = "<group>"; };
		956D4AED2FE736230024B101 /* surge15.app */ = {isa = PBXFileReference; explicitFileType = wrapper.application; includeInIndex = 0; path = surge15.app; sourceTree = BUILT_PRODUCTS_DIR; };
		956D4AFC2FE736240024B101 /* surge15Tests.xctest */ = {isa = PBXFileReference; explicitFileType = wrapper.cfbundle; includeInIndex = 0; path = surge15Tests.xctest; sourceTree = BUILT_PRODUCTS_DIR; };
		956D4B062FE736240024B101 /* surge15UITests.xctest */ = {isa = PBXFileReference; explicitFileType = wrapper.cfbundle; includeInIndex = 0; path = surge15UITests.xctest; sourceTree = BUILT_PRODUCTS_DIR; };
		956D4B192FE737E80024B101 /* LocationTracker.swift */ = {isa = PBXFileReference; lastKnownFileType = sourcecode.swift; path = LocationTracker.swift; sourceTree = "<group>"; };
		956D4B1D2FE73FFF0024B101 /* Formatters.swift */ = {isa = PBXFileReference; lastKnownFileType = sourcecode.swift; path = Formatters.swift; sourceTree = "<group>"; };
		956D4B1F2FE740190024B101 /* CreateRouteView.swift */ = {isa = PBXFileReference; lastKnownFileType = sourcecode.swift; path = CreateRouteView.swift; sourceTree = "<group>"; };
		956D4B232FE7404B0024B101 /* SessionRecordingView.swift */ = {isa = PBXFileReference; lastKnownFileType = sourcecode.swift; path = SessionRecordingView.swift; sourceTree = "<group>"; };
		956D4B252FE7405C0024B101 /* SessionDetailView.swift */ = {isa = PBXFileReference; lastKnownFileType = sourcecode.swift; path = SessionDetailView.swift; sourceTree = "<group>"; };
		956D4B272FE76ECA0024B101 /* RoutePeekSheet.swift */ = {isa = PBXFileReference; lastKnownFileType = sourcecode.swift; path = RoutePeekSheet.swift; sourceTree = "<group>"; };
		956D4B292FE76EDC0024B101 /* EditRouteView.swift */ = {isa = PBXFileReference; lastKnownFileType = sourcecode.swift; path = EditRouteView.swift; sourceTree = "<group>"; };
		956D4B2D2FE776790024B101 /* SurgeSessionDetailView.swift */ = {isa = PBXFileReference; lastKnownFileType = sourcecode.swift; path = SurgeSessionDetailView.swift; sourceTree = "<group>"; };
		956D4B2F2FE77E4F0024B101 /* PlansHomeView.swift */ = {isa = PBXFileReference; lastKnownFileType = sourcecode.swift; path = PlansHomeView.swift; sourceTree = "<group>"; };
		956D4B312FE77E600024B101 /* CreatePlanView.swift */ = {isa = PBXFileReference; lastKnownFileType = sourcecode.swift; path = CreatePlanView.swift; sourceTree = "<group>"; };
		956D4B332FE77E6D0024B101 /* PlanDetailView.swift */ = {isa = PBXFileReference; lastKnownFileType = sourcecode.swift; path = PlanDetailView.swift; sourceTree = "<group>"; };
		956D4B352FE77E7B0024B101 /* SettingsHomeView.swift */ = {isa = PBXFileReference; lastKnownFileType = sourcecode.swift; path = SettingsHomeView.swift; sourceTree = "<group>"; };
		956D4B392FE78A010024B101 /* SegmentDirection.swift */ = {isa = PBXFileReference; lastKnownFileType = sourcecode.swift; path = SegmentDirection.swift; sourceTree = "<group>"; };
		95DDDB5F2FE87FAA00BE2163 /* ExerciseRecordingView.swift */ = {isa = PBXFileReference; lastKnownFileType = sourcecode.swift; path = ExerciseRecordingView.swift; sourceTree = "<group>"; };
/* End PBXFileReference section */

/* Begin PBXFileSystemSynchronizedBuildFileExceptionSet section */
		9591A3DF2FF34F4100CC8966 /* Exceptions for "surge15" folder in "surge15" target */ = {
			isa = PBXFileSystemSynchronizedBuildFileExceptionSet;
			membershipExceptions = (
				Info.plist,
			);
			target = 956D4AEC2FE736230024B101 /* surge15 */;
		};
/* End PBXFileSystemSynchronizedBuildFileExceptionSet section */

/* Begin PBXFileSystemSynchronizedRootGroup section */
		956D4AEF2FE736230024B101 /* surge15 */ = {
			isa = PBXFileSystemSynchronizedRootGroup;
			exceptions = (
				9591A3DF2FF34F4100CC8966 /* Exceptions for "surge15" folder in "surge15" target */,
			);
			path = surge15;
			sourceTree = "<group>";
		};
		956D4AFF2FE736240024B101 /* surge15Tests */ = {
			isa = PBXFileSystemSynchronizedRootGroup;
			path = surge15Tests;
			sourceTree = "<group>";
		};
		956D4B092FE736240024B101 /* surge15UITests */ = {
			isa = PBXFileSystemSynchronizedRootGroup;
			path = surge15UITests;
			sourceTree = "<group>";
		};
/* End PBXFileSystemSynchronizedRootGroup section */

/* Begin PBXFrameworksBuildPhase section */
		956D4AEA2FE736230024B101 /* Frameworks */ = {
			isa = PBXFrameworksBuildPhase;
			buildActionMask = 2147483647;
			files = (
			);
			runOnlyForDeploymentPostprocessing = 0;
		};
		956D4AF92FE736240024B101 /* Frameworks */ = {
			isa = PBXFrameworksBuildPhase;
			buildActionMask = 2147483647;
			files = (
			);
			runOnlyForDeploymentPostprocessing = 0;
		};
		956D4B032FE736240024B101 /* Frameworks */ = {
			isa = PBXFrameworksBuildPhase;
			buildActionMask = 2147483647;
			files = (
			);
			runOnlyForDeploymentPostprocessing = 0;
		};
/* End PBXFrameworksBuildPhase section */

/* Begin PBXGroup section */
		956D4AE42FE736230024B101 = {
			isa = PBXGroup;
			children = (
				956D4AEF2FE736230024B101 /* surge15 */,
				956D4AFF2FE736240024B101 /* surge15Tests */,
				956D4B092FE736240024B101 /* surge15UITests */,
				956D4AEE2FE736230024B101 /* Products */,
				956D4B192FE737E80024B101 /* LocationTracker.swift */,
				956D4B1D2FE73FFF0024B101 /* Formatters.swift */,
				956D4B1F2FE740190024B101 /* CreateRouteView.swift */,
				956D4B232FE7404B0024B101 /* SessionRecordingView.swift */,
				956D4B252FE7405C0024B101 /* SessionDetailView.swift */,
				956D4B272FE76ECA0024B101 /* RoutePeekSheet.swift */,
				956D4B292FE76EDC0024B101 /* EditRouteView.swift */,
				956D4B2D2FE776790024B101 /* SurgeSessionDetailView.swift */,
				956D4B2F2FE77E4F0024B101 /* PlansHomeView.swift */,
				956D4B312FE77E600024B101 /* CreatePlanView.swift */,
				956D4B332FE77E6D0024B101 /* PlanDetailView.swift */,
				956D4B352FE77E7B0024B101 /* SettingsHomeView.swift */,
				956D4B392FE78A010024B101 /* SegmentDirection.swift */,
				95DDDB5F2FE87FAA00BE2163 /* ExerciseRecordingView.swift */,
				955578742FE9B61400C6F287 /* RouteSmoothing.swift */,
				955578782FE9D5F900C6F287 /* CreatePlanGroupView.swift */,
				9555787A2FE9D60C00C6F287 /* PlanGroupDetailView.swift */,
				955E70752FEB2311000C2792 /* ExerciseLibraryView.swift */,
			);
			sourceTree = "<group>";
		};
		956D4AEE2FE736230024B101 /* Products */ = {
			isa = PBXGroup;
			children = (
				956D4AED2FE736230024B101 /* surge15.app */,
				956D4AFC2FE736240024B101 /* surge15Tests.xctest */,
				956D4B062FE736240024B101 /* surge15UITests.xctest */,
			);
			name = Products;
			sourceTree = "<group>";
		};
/* End PBXGroup section */

/* Begin PBXNativeTarget section */
		956D4AEC2FE736230024B101 /* surge15 */ = {
			isa = PBXNativeTarget;
			buildConfigurationList = 956D4B102FE736240024B101 /* Build configuration list for PBXNativeTarget "surge15" */;
			buildPhases = (
				956D4AE92FE736230024B101 /* Sources */,
				956D4AEA2FE736230024B101 /* Frameworks */,
				956D4AEB2FE736230024B101 /* Resources */,
			);
			buildRules = (
			);
			dependencies = (
			);
			fileSystemSynchronizedGroups = (
				956D4AEF2FE736230024B101 /* surge15 */,
			);
			name = surge15;
			packageProductDependencies = (
			);
			productName = surge15;
			productReference = 956D4AED2FE736230024B101 /* surge15.app */;
			productType = "com.apple.product-type.application";
		};
		956D4AFB2FE736240024B101 /* surge15Tests */ = {
			isa = PBXNativeTarget;
			buildConfigurationList = 956D4B132FE736240024B101 /* Build configuration list for PBXNativeTarget "surge15Tests" */;
			buildPhases = (
				956D4AF82FE736240024B101 /* Sources */,
				956D4AF92FE736240024B101 /* Frameworks */,
				956D4AFA2FE736240024B101 /* Resources */,
			);
			buildRules = (
			);
			dependencies = (
				956D4AFE2FE736240024B101 /* PBXTargetDependency */,
			);
			fileSystemSynchronizedGroups = (
				956D4AFF2FE736240024B101 /* surge15Tests */,
			);
			name = surge15Tests;
			packageProductDependencies = (
			);
			productName = surge15Tests;
			productReference = 956D4AFC2FE736240024B101 /* surge15Tests.xctest */;
			productType = "com.apple.product-type.bundle.unit-test";
		};
		956D4B052FE736240024B101 /* surge15UITests */ = {
			isa = PBXNativeTarget;
			buildConfigurationList = 956D4B162FE736240024B101 /* Build configuration list for PBXNativeTarget "surge15UITests" */;
			buildPhases = (
				956D4B022FE736240024B101 /* Sources */,
				956D4B032FE736240024B101 /* Frameworks */,
				956D4B042FE736240024B101 /* Resources */,
			);
			buildRules = (
			);
			dependencies = (
				956D4B082FE736240024B101 /* PBXTargetDependency */,
			);
			fileSystemSynchronizedGroups = (
				956D4B092FE736240024B101 /* surge15UITests */,
			);
			name = surge15UITests;
			packageProductDependencies = (
			);
			productName = surge15UITests;
			productReference = 956D4B062FE736240024B101 /* surge15UITests.xctest */;
			productType = "com.apple.product-type.bundle.ui-testing";
		};
/* End PBXNativeTarget section */

/* Begin PBXProject section */
		956D4AE52FE736230024B101 /* Project object */ = {
			isa = PBXProject;
			attributes = {
				BuildIndependentTargetsInParallel = 1;
				LastSwiftUpdateCheck = 2650;
				LastUpgradeCheck = 2650;
				TargetAttributes = {
					956D4AEC2FE736230024B101 = {
						CreatedOnToolsVersion = 26.5;
					};
					956D4AFB2FE736240024B101 = {
						CreatedOnToolsVersion = 26.5;
						TestTargetID = 956D4AEC2FE736230024B101;
					};
					956D4B052FE736240024B101 = {
						CreatedOnToolsVersion = 26.5;
						TestTargetID = 956D4AEC2FE736230024B101;
					};
				};
			};
			buildConfigurationList = 956D4AE82FE736230024B101 /* Build configuration list for PBXProject "surge15" */;
			developmentRegion = en;
			hasScannedForEncodings = 0;
			knownRegions = (
				en,
				Base,
			);
			mainGroup = 956D4AE42FE736230024B101;
			minimizedProjectReferenceProxies = 1;
			preferredProjectObjectVersion = 77;
			productRefGroup = 956D4AEE2FE736230024B101 /* Products */;
			projectDirPath = "";
			projectRoot = "";
			targets = (
				956D4AEC2FE736230024B101 /* surge15 */,
				956D4AFB2FE736240024B101 /* surge15Tests */,
				956D4B052FE736240024B101 /* surge15UITests */,
			);
		};
/* End PBXProject section */

/* Begin PBXResourcesBuildPhase section */
		956D4AEB2FE736230024B101 /* Resources */ = {
			isa = PBXResourcesBuildPhase;
			buildActionMask = 2147483647;
			files = (
			);
			runOnlyForDeploymentPostprocessing = 0;
		};
		956D4AFA2FE736240024B101 /* Resources */ = {
			isa = PBXResourcesBuildPhase;
			buildActionMask = 2147483647;
			files = (
			);
			runOnlyForDeploymentPostprocessing = 0;
		};
		956D4B042FE736240024B101 /* Resources */ = {
			isa = PBXResourcesBuildPhase;
			buildActionMask = 2147483647;
			files = (
			);
			runOnlyForDeploymentPostprocessing = 0;
		};
/* End PBXResourcesBuildPhase section */

/* Begin PBXSourcesBuildPhase section */
		956D4AE92FE736230024B101 /* Sources */ = {
			isa = PBXSourcesBuildPhase;
			buildActionMask = 2147483647;
			files = (
				956D4B1E2FE73FFF0024B101 /* Formatters.swift in Sources */,
				956D4B1A2FE737E80024B101 /* LocationTracker.swift in Sources */,
				956D4B282FE76ECA0024B101 /* RoutePeekSheet.swift in Sources */,
				956D4B2E2FE776790024B101 /* SurgeSessionDetailView.swift in Sources */,
				956D4B262FE7405C0024B101 /* SessionDetailView.swift in Sources */,
				95DDDB602FE87FAA00BE2163 /* ExerciseRecordingView.swift in Sources */,
				956D4B342FE77E6D0024B101 /* PlanDetailView.swift in Sources */,
				955E70762FEB2311000C2792 /* ExerciseLibraryView.swift in Sources */,
				956D4B2A2FE76EDC0024B101 /* EditRouteView.swift in Sources */,
				955578752FE9B61400C6F287 /* RouteSmoothing.swift in Sources */,
				956D4B3A2FE78A010024B101 /* SegmentDirection.swift in Sources */,
				956D4B202FE740190024B101 /* CreateRouteView.swift in Sources */,
				956D4B322FE77E600024B101 /* CreatePlanView.swift in Sources */,
				956D4B302FE77E4F0024B101 /* PlansHomeView.swift in Sources */,
				955578792FE9D5F900C6F287 /* CreatePlanGroupView.swift in Sources */,
				956D4B242FE7404B0024B101 /* SessionRecordingView.swift in Sources */,
				9555787B2FE9D60C00C6F287 /* PlanGroupDetailView.swift in Sources */,
				956D4B362FE77E7B0024B101 /* SettingsHomeView.swift in Sources */,
			);
			runOnlyForDeploymentPostprocessing = 0;
		};
		956D4AF82FE736240024B101 /* Sources */ = {
			isa = PBXSourcesBuildPhase;
			buildActionMask = 2147483647;
			files = (
			);
			runOnlyForDeploymentPostprocessing = 0;
		};
		956D4B022FE736240024B101 /* Sources */ = {
			isa = PBXSourcesBuildPhase;
			buildActionMask = 2147483647;
			files = (
			);
			runOnlyForDeploymentPostprocessing = 0;
		};
/* End PBXSourcesBuildPhase section */

/* Begin PBXTargetDependency section */
		956D4AFE2FE736240024B101 /* PBXTargetDependency */ = {
			isa = PBXTargetDependency;
			target = 956D4AEC2FE736230024B101 /* surge15 */;
			targetProxy = 956D4AFD2FE736240024B101 /* PBXContainerItemProxy */;
		};
		956D4B082FE736240024B101 /* PBXTargetDependency */ = {
			isa = PBXTargetDependency;
			target = 956D4AEC2FE736230024B101 /* surge15 */;
			targetProxy = 956D4B072FE736240024B101 /* PBXContainerItemProxy */;
		};
/* End PBXTargetDependency section */

/* Begin XCBuildConfiguration section */
		956D4B0E2FE736240024B101 /* Debug */ = {
			isa = XCBuildConfiguration;
			buildSettings = {
				ALWAYS_SEARCH_USER_PATHS = NO;
				ASSETCATALOG_COMPILER_GENERATE_SWIFT_ASSET_SYMBOL_EXTENSIONS = YES;
				CLANG_ANALYZER_NONNULL = YES;
				CLANG_ANALYZER_NUMBER_OBJECT_CONVERSION = YES_AGGRESSIVE;
				CLANG_CXX_LANGUAGE_STANDARD = "gnu++20";
				CLANG_ENABLE_MODULES = YES;
				CLANG_ENABLE_OBJC_ARC = YES;
				CLANG_ENABLE_OBJC_WEAK = YES;
				CLANG_WARN_BLOCK_CAPTURE_AUTORELEASING = YES;
				CLANG_WARN_BOOL_CONVERSION = YES;
				CLANG_WARN_COMMA = YES;
				CLANG_WARN_CONSTANT_CONVERSION = YES;
				CLANG_WARN_DEPRECATED_OBJC_IMPLEMENTATIONS = YES;
				CLANG_WARN_DIRECT_OBJC_ISA_USAGE = YES_ERROR;
				CLANG_WARN_DOCUMENTATION_COMMENTS = YES;
				CLANG_WARN_EMPTY_BODY = YES;
				CLANG_WARN_ENUM_CONVERSION = YES;
				CLANG_WARN_INFINITE_RECURSION = YES;
				CLANG_WARN_INT_CONVERSION = YES;
				CLANG_WARN_NON_LITERAL_NULL_CONVERSION = YES;
				CLANG_WARN_OBJC_IMPLICIT_RETAIN_SELF = YES;
				CLANG_WARN_OBJC_LITERAL_CONVERSION = YES;
				CLANG_WARN_OBJC_ROOT_CLASS = YES_ERROR;
				CLANG_WARN_QUOTED_INCLUDE_IN_FRAMEWORK_HEADER = YES;
				CLANG_WARN_RANGE_LOOP_ANALYSIS = YES;
				CLANG_WARN_STRICT_PROTOTYPES = YES;
				CLANG_WARN_SUSPICIOUS_MOVE = YES;
				CLANG_WARN_UNGUARDED_AVAILABILITY = YES_AGGRESSIVE;
				CLANG_WARN_UNREACHABLE_CODE = YES;
				CLANG_WARN__DUPLICATE_METHOD_MATCH = YES;
				COPY_PHASE_STRIP = NO;
				DEBUG_INFORMATION_FORMAT = dwarf;
				DEVELOPMENT_TEAM = CV6V8EV5NQ;
				ENABLE_STRICT_OBJC_MSGSEND = YES;
				ENABLE_TESTABILITY = YES;
				ENABLE_USER_SCRIPT_SANDBOXING = YES;
				GCC_C_LANGUAGE_STANDARD = gnu17;
				GCC_DYNAMIC_NO_PIC = NO;
				GCC_NO_COMMON_BLOCKS = YES;
				GCC_OPTIMIZATION_LEVEL = 0;
				GCC_PREPROCESSOR_DEFINITIONS = (
					"DEBUG=1",
					"$(inherited)",
				);
				GCC_WARN_64_TO_32_BIT_CONVERSION = YES;
				GCC_WARN_ABOUT_RETURN_TYPE = YES_ERROR;
				GCC_WARN_UNDECLARED_SELECTOR = YES;
				GCC_WARN_UNINITIALIZED_AUTOS = YES_AGGRESSIVE;
				GCC_WARN_UNUSED_FUNCTION = YES;
				GCC_WARN_UNUSED_VARIABLE = YES;
				IPHONEOS_DEPLOYMENT_TARGET = 26.5;
				LOCALIZATION_PREFERS_STRING_CATALOGS = YES;
				MTL_ENABLE_DEBUG_INFO = INCLUDE_SOURCE;
				MTL_FAST_MATH = YES;
				ONLY_ACTIVE_ARCH = YES;
				SDKROOT = iphoneos;
				SWIFT_ACTIVE_COMPILATION_CONDITIONS = "DEBUG $(inherited)";
				SWIFT_OPTIMIZATION_LEVEL = "-Onone";
			};
			name = Debug;
		};
		956D4B0F2FE736240024B101 /* Release */ = {
			isa = XCBuildConfiguration;
			buildSettings = {
				ALWAYS_SEARCH_USER_PATHS = NO;
				ASSETCATALOG_COMPILER_GENERATE_SWIFT_ASSET_SYMBOL_EXTENSIONS = YES;
				CLANG_ANALYZER_NONNULL = YES;
				CLANG_ANALYZER_NUMBER_OBJECT_CONVERSION = YES_AGGRESSIVE;
				CLANG_CXX_LANGUAGE_STANDARD = "gnu++20";
				CLANG_ENABLE_MODULES = YES;
				CLANG_ENABLE_OBJC_ARC = YES;
				CLANG_ENABLE_OBJC_WEAK = YES;
				CLANG_WARN_BLOCK_CAPTURE_AUTORELEASING = YES;
				CLANG_WARN_BOOL_CONVERSION = YES;
				CLANG_WARN_COMMA = YES;
				CLANG_WARN_CONSTANT_CONVERSION = YES;
				CLANG_WARN_DEPRECATED_OBJC_IMPLEMENTATIONS = YES;
				CLANG_WARN_DIRECT_OBJC_ISA_USAGE = YES_ERROR;
				CLANG_WARN_DOCUMENTATION_COMMENTS = YES;
				CLANG_WARN_EMPTY_BODY = YES;
				CLANG_WARN_ENUM_CONVERSION = YES;
				CLANG_WARN_INFINITE_RECURSION = YES;
				CLANG_WARN_INT_CONVERSION = YES;
				CLANG_WARN_NON_LITERAL_NULL_CONVERSION = YES;
				CLANG_WARN_OBJC_IMPLICIT_RETAIN_SELF = YES;
				CLANG_WARN_OBJC_LITERAL_CONVERSION = YES;
				CLANG_WARN_OBJC_ROOT_CLASS = YES_ERROR;
				CLANG_WARN_QUOTED_INCLUDE_IN_FRAMEWORK_HEADER = YES;
				CLANG_WARN_RANGE_LOOP_ANALYSIS = YES;
				CLANG_WARN_STRICT_PROTOTYPES = YES;
				CLANG_WARN_SUSPICIOUS_MOVE = YES;
				CLANG_WARN_UNGUARDED_AVAILABILITY = YES_AGGRESSIVE;
				CLANG_WARN_UNREACHABLE_CODE = YES;
				CLANG_WARN__DUPLICATE_METHOD_MATCH = YES;
				COPY_PHASE_STRIP = NO;
				DEBUG_INFORMATION_FORMAT = "dwarf-with-dsym";
				DEVELOPMENT_TEAM = CV6V8EV5NQ;
				ENABLE_NS_ASSERTIONS = NO;
				ENABLE_STRICT_OBJC_MSGSEND = YES;
				ENABLE_USER_SCRIPT_SANDBOXING = YES;
				GCC_C_LANGUAGE_STANDARD = gnu17;
				GCC_NO_COMMON_BLOCKS = YES;
				GCC_WARN_64_TO_32_BIT_CONVERSION = YES;
				GCC_WARN_ABOUT_RETURN_TYPE = YES_ERROR;
				GCC_WARN_UNDECLARED_SELECTOR = YES;
				GCC_WARN_UNINITIALIZED_AUTOS = YES_AGGRESSIVE;
				GCC_WARN_UNUSED_FUNCTION = YES;
				GCC_WARN_UNUSED_VARIABLE = YES;
				IPHONEOS_DEPLOYMENT_TARGET = 26.5;
				LOCALIZATION_PREFERS_STRING_CATALOGS = YES;
				MTL_ENABLE_DEBUG_INFO = NO;
				MTL_FAST_MATH = YES;
				SDKROOT = iphoneos;
				SWIFT_COMPILATION_MODE = wholemodule;
				VALIDATE_PRODUCT = YES;
			};
			name = Release;
		};
		956D4B112FE736240024B101 /* Debug */ = {
			isa = XCBuildConfiguration;
			buildSettings = {
				ASSETCATALOG_COMPILER_APPICON_NAME = AppIcon;
				ASSETCATALOG_COMPILER_GLOBAL_ACCENT_COLOR_NAME = AccentColor;
				CODE_SIGN_STYLE = Automatic;
				CURRENT_PROJECT_VERSION = 1;
				DEVELOPMENT_TEAM = CV6V8EV5NQ;
				ENABLE_PREVIEWS = YES;
				GENERATE_INFOPLIST_FILE = YES;
				INFOPLIST_FILE = surge15/Info.plist;
				INFOPLIST_KEY_CFBundleDisplayName = surge15;
				INFOPLIST_KEY_LSApplicationCategoryType = "public.app-category.healthcare-fitness";
				INFOPLIST_KEY_NSLocationWhenInUseUsageDescription = "surge15 needs your location to record your run routes.";
				INFOPLIST_KEY_UIApplicationSceneManifest_Generation = YES;
				INFOPLIST_KEY_UIApplicationSupportsIndirectInputEvents = YES;
				INFOPLIST_KEY_UILaunchScreen_Generation = YES;
				INFOPLIST_KEY_UIStatusBarStyle = "";
				INFOPLIST_KEY_UISupportedInterfaceOrientations = UIInterfaceOrientationPortrait;
				INFOPLIST_KEY_UISupportedInterfaceOrientations_iPad = "UIInterfaceOrientationPortrait UIInterfaceOrientationPortraitUpsideDown";
				LD_RUNPATH_SEARCH_PATHS = (
					"$(inherited)",
					"@executable_path/Frameworks",
				);
				MARKETING_VERSION = 1.0;
				PRODUCT_BUNDLE_IDENTIFIER = com.software78.surge15;
				PRODUCT_NAME = "$(TARGET_NAME)";
				STRING_CATALOG_GENERATE_SYMBOLS = YES;
				SWIFT_APPROACHABLE_CONCURRENCY = YES;
				SWIFT_DEFAULT_ACTOR_ISOLATION = MainActor;
				SWIFT_EMIT_LOC_STRINGS = YES;
				SWIFT_UPCOMING_FEATURE_MEMBER_IMPORT_VISIBILITY = YES;
				SWIFT_VERSION = 5.0;
				TARGETED_DEVICE_FAMILY = "1,2";
			};
			name = Debug;
		};
		956D4B122FE736240024B101 /* Release */ = {
			isa = XCBuildConfiguration;
			buildSettings = {
				ASSETCATALOG_COMPILER_APPICON_NAME = AppIcon;
				ASSETCATALOG_COMPILER_GLOBAL_ACCENT_COLOR_NAME = AccentColor;
				CODE_SIGN_STYLE = Automatic;
				CURRENT_PROJECT_VERSION = 1;
				DEVELOPMENT_TEAM = CV6V8EV5NQ;
				ENABLE_PREVIEWS = YES;
				GENERATE_INFOPLIST_FILE = YES;
				INFOPLIST_FILE = surge15/Info.plist;
				INFOPLIST_KEY_CFBundleDisplayName = surge15;
				INFOPLIST_KEY_LSApplicationCategoryType = "public.app-category.healthcare-fitness";
				INFOPLIST_KEY_NSLocationWhenInUseUsageDescription = "surge15 needs your location to record your run routes.";
				INFOPLIST_KEY_UIApplicationSceneManifest_Generation = YES;
				INFOPLIST_KEY_UIApplicationSupportsIndirectInputEvents = YES;
				INFOPLIST_KEY_UILaunchScreen_Generation = YES;
				INFOPLIST_KEY_UIStatusBarStyle = "";
				INFOPLIST_KEY_UISupportedInterfaceOrientations = UIInterfaceOrientationPortrait;
				INFOPLIST_KEY_UISupportedInterfaceOrientations_iPad = "UIInterfaceOrientationPortrait UIInterfaceOrientationPortraitUpsideDown";
				LD_RUNPATH_SEARCH_PATHS = (
					"$(inherited)",
					"@executable_path/Frameworks",
				);
				MARKETING_VERSION = 1.0;
				PRODUCT_BUNDLE_IDENTIFIER = com.software78.surge15;
				PRODUCT_NAME = "$(TARGET_NAME)";
				STRING_CATALOG_GENERATE_SYMBOLS = YES;
				SWIFT_APPROACHABLE_CONCURRENCY = YES;
				SWIFT_DEFAULT_ACTOR_ISOLATION = MainActor;
				SWIFT_EMIT_LOC_STRINGS = YES;
				SWIFT_UPCOMING_FEATURE_MEMBER_IMPORT_VISIBILITY = YES;
				SWIFT_VERSION = 5.0;
				TARGETED_DEVICE_FAMILY = "1,2";
			};
			name = Release;
		};
		956D4B142FE736240024B101 /* Debug */ = {
			isa = XCBuildConfiguration;
			buildSettings = {
				BUNDLE_LOADER = "$(TEST_HOST)";
				CODE_SIGN_STYLE = Automatic;
				CURRENT_PROJECT_VERSION = 1;
				DEVELOPMENT_TEAM = CV6V8EV5NQ;
				GENERATE_INFOPLIST_FILE = YES;
				IPHONEOS_DEPLOYMENT_TARGET = 26.5;
				MARKETING_VERSION = 1.0;
				PRODUCT_BUNDLE_IDENTIFIER = com.software78.surge15Tests;
				PRODUCT_NAME = "$(TARGET_NAME)";
				STRING_CATALOG_GENERATE_SYMBOLS = NO;
				SWIFT_APPROACHABLE_CONCURRENCY = YES;
				SWIFT_EMIT_LOC_STRINGS = NO;
				SWIFT_UPCOMING_FEATURE_MEMBER_IMPORT_VISIBILITY = YES;
				SWIFT_VERSION = 5.0;
				TARGETED_DEVICE_FAMILY = "1,2";
				TEST_HOST = "$(BUILT_PRODUCTS_DIR)/surge15.app/$(BUNDLE_EXECUTABLE_FOLDER_PATH)/surge15";
			};
			name = Debug;
		};
		956D4B152FE736240024B101 /* Release */ = {
			isa = XCBuildConfiguration;
			buildSettings = {
				BUNDLE_LOADER = "$(TEST_HOST)";
				CODE_SIGN_STYLE = Automatic;
				CURRENT_PROJECT_VERSION = 1;
				DEVELOPMENT_TEAM = CV6V8EV5NQ;
				GENERATE_INFOPLIST_FILE = YES;
				IPHONEOS_DEPLOYMENT_TARGET = 26.5;
				MARKETING_VERSION = 1.0;
				PRODUCT_BUNDLE_IDENTIFIER = com.software78.surge15Tests;
				PRODUCT_NAME = "$(TARGET_NAME)";
				STRING_CATALOG_GENERATE_SYMBOLS = NO;
				SWIFT_APPROACHABLE_CONCURRENCY = YES;
				SWIFT_EMIT_LOC_STRINGS = NO;
				SWIFT_UPCOMING_FEATURE_MEMBER_IMPORT_VISIBILITY = YES;
				SWIFT_VERSION = 5.0;
				TARGETED_DEVICE_FAMILY = "1,2";
				TEST_HOST = "$(BUILT_PRODUCTS_DIR)/surge15.app/$(BUNDLE_EXECUTABLE_FOLDER_PATH)/surge15";
			};
			name = Release;
		};
		956D4B172FE736240024B101 /* Debug */ = {
			isa = XCBuildConfiguration;
			buildSettings = {
				CODE_SIGN_STYLE = Automatic;
				CURRENT_PROJECT_VERSION = 1;
				DEVELOPMENT_TEAM = CV6V8EV5NQ;
				GENERATE_INFOPLIST_FILE = YES;
				MARKETING_VERSION = 1.0;
				PRODUCT_BUNDLE_IDENTIFIER = com.software78.surge15UITests;
				PRODUCT_NAME = "$(TARGET_NAME)";
				STRING_CATALOG_GENERATE_SYMBOLS = NO;
				SWIFT_APPROACHABLE_CONCURRENCY = YES;
				SWIFT_EMIT_LOC_STRINGS = NO;
				SWIFT_UPCOMING_FEATURE_MEMBER_IMPORT_VISIBILITY = YES;
				SWIFT_VERSION = 5.0;
				TARGETED_DEVICE_FAMILY = "1,2";
				TEST_TARGET_NAME = surge15;
			};
			name = Debug;
		};
		956D4B182FE736240024B101 /* Release */ = {
			isa = XCBuildConfiguration;
			buildSettings = {
				CODE_SIGN_STYLE = Automatic;
				CURRENT_PROJECT_VERSION = 1;
				DEVELOPMENT_TEAM = CV6V8EV5NQ;
				GENERATE_INFOPLIST_FILE = YES;
				MARKETING_VERSION = 1.0;
				PRODUCT_BUNDLE_IDENTIFIER = com.software78.surge15UITests;
				PRODUCT_NAME = "$(TARGET_NAME)";
				STRING_CATALOG_GENERATE_SYMBOLS = NO;
				SWIFT_APPROACHABLE_CONCURRENCY = YES;
				SWIFT_EMIT_LOC_STRINGS = NO;
				SWIFT_UPCOMING_FEATURE_MEMBER_IMPORT_VISIBILITY = YES;
				SWIFT_VERSION = 5.0;
				TARGETED_DEVICE_FAMILY = "1,2";
				TEST_TARGET_NAME = surge15;
			};
			name = Release;
		};
/* End XCBuildConfiguration section */

/* Begin XCConfigurationList section */
		956D4AE82FE736230024B101 /* Build configuration list for PBXProject "surge15" */ = {
			isa = XCConfigurationList;
			buildConfigurations = (
				956D4B0E2FE736240024B101 /* Debug */,
				956D4B0F2FE736240024B101 /* Release */,
			);
			defaultConfigurationIsVisible = 0;
			defaultConfigurationName = Release;
		};
		956D4B102FE736240024B101 /* Build configuration list for PBXNativeTarget "surge15" */ = {
			isa = XCConfigurationList;
			buildConfigurations = (
				956D4B112FE736240024B101 /* Debug */,
				956D4B122FE736240024B101 /* Release */,
			);
			defaultConfigurationIsVisible = 0;
			defaultConfigurationName = Release;
		};
		956D4B132FE736240024B101 /* Build configuration list for PBXNativeTarget "surge15Tests" */ = {
			isa = XCConfigurationList;
			buildConfigurations = (
				956D4B142FE736240024B101 /* Debug */,
				956D4B152FE736240024B101 /* Release */,
			);
			defaultConfigurationIsVisible = 0;
			defaultConfigurationName = Release;
		};
		956D4B162FE736240024B101 /* Build configuration list for PBXNativeTarget "surge15UITests" */ = {
			isa = XCConfigurationList;
			buildConfigurations = (
				956D4B172FE736240024B101 /* Debug */,
				956D4B182FE736240024B101 /* Release */,
			);
			defaultConfigurationIsVisible = 0;
			defaultConfigurationName = Release;
		};
/* End XCConfigurationList section */
	};
	rootObject = 956D4AE52FE736230024B101 /* Project object */;
}
